
Microsoft Visual Studio Solution File, Format Version 12.00
# Visual Studio Version 16
VisualStudioVersion = 16.0.31025.194
MinimumVisualStudioVersion = 10.0.40219.1
Project("{FAE04EC0-301F-11D3-BF4B-00C04F79EFBC}") = "BuddyEllis", "BuddyEllis\BuddyEllis.csproj", "{1BB67B31-883C-4BEA-916B-A674EB9234C3}"
EndProject
Global
	GlobalSection(SolutionConfigurationPlatforms) = preSolution
		Debug|Any CPU = Debug|Any CPU
		Release|Any CPU = Release|Any CPU
	EndGlobalSection
	GlobalSection(ProjectConfigurationPlatforms) = postSolution
		{1BB67B31-883C-4BEA-916B-A674EB9234C3}.Debug|Any CPU.ActiveCfg = Debug|Any CPU
		{1BB67B31-883C-4BEA-916B-A674EB9234C3}.Debug|Any CPU.Build.0 = Debug|Any CPU
		{1BB67B31-883C-4BEA-916B-A674EB9234C3}.Release|Any CPU.ActiveCfg = Release|Any CPU
		{1BB67B31-883C-4BEA-916B-A674EB9234C3}.Release|Any CPU.Build.0 = Release|Any CPU
	EndGlobalSection
	GlobalSection(SolutionProperties) = preSolution
		HideSolutionNode = FALSE
	EndGlobalSection
	GlobalSection(ExtensibilityGlobals) = postSolution
		SolutionGuid = {3928BC20-DCED-4CC3-B597-7CD729863035}
	EndGlobalSection
EndGlobal
